
Microsoft Visual Studio Solution File, Format Version 12.00
# Visual Studio Version 16
VisualStudioVersion = 16.0.30114.105
MinimumVisualStudioVersion = 10.0.40219.1
Project("{9A19103F-16F7-4668-BE54-9A1E7A4F7556}") = "Zongsoft.Administratives", "Zongsoft.Administratives.csproj", "{9976BDC6-6031-4659-AD3D-A5C7BB7CCB77}"
EndProject
Project("{FAE04EC0-301F-11D3-BF4B-00C04F79EFBC}") = "Zongsoft.Administratives.Web", "api\Zongsoft.Administratives.Web.csproj", "{B9DC2A4E-E63C-485C-929A-3DE28B137615}"
EndProject
Global
	GlobalSection(SolutionConfigurationPlatforms) = preSolution
		Debug|Any CPU = Debug|Any CPU
		Release|Any CPU = Release|Any CPU
	EndGlobalSection
	GlobalSection(ProjectConfigurationPlatforms) = postSolution
		{9976BDC6-6031-4659-AD3D-A5C7BB7CCB77}.Debug|Any CPU.ActiveCfg = Debug|Any CPU
		{9976BDC6-6031-4659-AD3D-A5C7BB7CCB77}.Debug|Any CPU.Build.0 = Debug|Any CPU
		{9976BDC6-6031-4659-AD3D-A5C7BB7CCB77}.Release|Any CPU.ActiveCfg = Release|Any CPU
		{9976BDC6-6031-4659-AD3D-A5C7BB7CCB77}.Release|Any CPU.Build.0 = Release|Any CPU
		{B9DC2A4E-E63C-485C-929A-3DE28B137615}.Debug|Any CPU.ActiveCfg = Debug|Any CPU
		{B9DC2A4E-E63C-485C-929A-3DE28B137615}.Debug|Any CPU.Build.0 = Debug|Any CPU
		{B9DC2A4E-E63C-485C-929A-3DE28B137615}.Release|Any CPU.ActiveCfg = Release|Any CPU
		{B9DC2A4E-E63C-485C-929A-3DE28B137615}.Release|Any CPU.Build.0 = Release|Any CPU
	EndGlobalSection
	GlobalSection(SolutionProperties) = preSolution
		HideSolutionNode = FALSE
	EndGlobalSection
	GlobalSection(ExtensibilityGlobals) = postSolution
		SolutionGuid = {D2D2238C-2A70-46EC-BDAB-1CCA92A43D9C}
	EndGlobalSection
EndGlobal
